
Microsoft Visual Studio Solution File, Format Version 12.00
# Visual Studio Version 16
VisualStudioVersion = 16.0.30114.105
MinimumVisualStudioVersion = 10.0.40219.1
Project("{8BC9CEB8-8B4A-11D0-8D11-00A0C91BC942}") = "Rust_External", "Rust_External\Rust_External.vcxproj", "{6F802435-2B7F-4DC5-B556-BBA7FEF9D078}"
EndProject
Global
	GlobalSection(SolutionConfigurationPlatforms) = preSolution
		Debug|x64 = Debug|x64
		Debug|x86 = Debug|x86
		Release|x64 = Release|x64
		Release|x86 = Release|x86
	EndGlobalSection
	GlobalSection(ProjectConfigurationPlatforms) = postSolution
		{6F802435-2B7F-4DC5-B556-BBA7FEF9D078}.Debug|x64.ActiveCfg = Debug|x64
		{6F802435-2B7F-4DC5-B556-BBA7FEF9D078}.Debug|x64.Build.0 = Debug|x64
		{6F802435-2B7F-4DC5-B556-BBA7FEF9D078}.Debug|x86.ActiveCfg = Debug|Win32
		{6F802435-2B7F-4DC5-B556-BBA7FEF9D078}.Debug|x86.Build.0 = Debug|Win32
		{6F802435-2B7F-4DC5-B556-BBA7FEF9D078}.Release|x64.ActiveCfg = Release|x64
		{6F802435-2B7F-4DC5-B556-BBA7FEF9D078}.Release|x64.Build.0 = Release|x64
		{6F802435-2B7F-4DC5-B556-BBA7FEF9D078}.Release|x86.ActiveCfg = Release|Win32
		{6F802435-2B7F-4DC5-B556-BBA7FEF9D078}.Release|x86.Build.0 = Release|Win32
	EndGlobalSection
	GlobalSection(SolutionProperties) = preSolution
		HideSolutionNode = FALSE
	EndGlobalSection
	GlobalSection(ExtensibilityGlobals) = postSolution
		SolutionGuid = {135D8205-7499-4626-A629-2758781B1EE5}
	EndGlobalSection
EndGlobal
