<?xml version="1.0" encoding="utf-8"?>
<Project ToolsVersion="4.0" xmlns="http://schemas.microsoft.com/developer/msbuild/2003">
  <ItemGroup>
    <Filter Include="Source Files">
      <UniqueIdentifier>{4FC737F1-C7A5-4376-A066-2A32D752A2FF}</UniqueIdentifier>
      <Extensions>cpp;c;cc;cxx;c++;def;odl;idl;hpj;bat;asm;asmx</Extensions>
    </Filter>
    <Filter Include="Header Files">
      <UniqueIdentifier>{93995380-89BD-4b04-88EB-625FBE52EBFB}</UniqueIdentifier>
      <Extensions>h;hh;hpp;hxx;h++;hm;inl;inc;ipp;xsd</Extensions>
    </Filter>
    <Filter Include="Resource Files">
      <UniqueIdentifier>{67DA6AB6-F800-4c08-8B7A-83BB121AAD01}</UniqueIdentifier>
      <Extensions>rc;ico;cur;bmp;dlg;rc2;rct;bin;rgs;gif;jpg;jpeg;jpe;resx;tiff;tif;png;wav;mfcribbon-ms</Extensions>
    </Filter>
    <Filter Include="Memory">
      <UniqueIdentifier>{eb71d12e-b5d1-4ef9-a968-890ba32c19e2}</UniqueIdentifier>
    </Filter>
    <Filter Include="Classes">
      <UniqueIdentifier>{be122e50-4a0d-42b9-af0d-7e505b76d483}</UniqueIdentifier>
    </Filter>
    <Filter Include="Math">
      <UniqueIdentifier>{934fc491-d55f-4643-80c5-2127ad6c2472}</UniqueIdentifier>
    </Filter>
    <Filter Include="Features">
      <UniqueIdentifier>{9ec90203-f29b-4673-9b24-d38bce57c957}</UniqueIdentifier>
    </Filter>
  </ItemGroup>
  <ItemGroup>
    <ClCompile Include="main.cpp">
      <Filter>Source Files</Filter>
    </ClCompile>
    <ClCompile Include="Memory\memory.cpp">
      <Filter>Memory</Filter>
    </ClCompile>
    <ClCompile Include="Features\visuals.cpp">
      <Filter>Features</Filter>
    </ClCompile>
    <ClCompile Include="Features\aimbot.cpp">
      <Filter>Features</Filter>
    </ClCompile>
    <ClCompile Include="Features\misc.cpp">
      <Filter>Features</Filter>
    </ClCompile>
  </ItemGroup>
  <ItemGroup>
    <ClInclude Include="includes.hpp">
      <Filter>Header Files</Filter>
    </ClInclude>
    <ClInclude Include="Memory\memory.hpp">
      <Filter>Memory</Filter>
    </ClInclude>
    <ClInclude Include="Memory\process.hpp">
      <Filter>Memory</Filter>
    </ClInclude>
    <ClInclude Include="globals.hpp">
      <Filter>Header Files</Filter>
    </ClInclude>
    <ClInclude Include="Features\visuals.hpp">
      <Filter>Features</Filter>
    </ClInclude>
    <ClInclude Include="Features\aimbot.hpp">
      <Filter>Features</Filter>
    </ClInclude>
    <ClInclude Include="Features\misc.hpp">
      <Filter>Features</Filter>
    </ClInclude>
    <ClInclude Include="offsets.hpp">
      <Filter>Header Files</Filter>
    </ClInclude>
    <ClInclude Include="Classes\player.hpp">
      <Filter>Classes</Filter>
    </ClInclude>
  </ItemGroup>
</Project>